{
  "version": 4,
  "terraform_version": "1.13.4",
  "serial": 23,
  "lineage": "028c8884-ab4c-18fe-bf40-16344c0b236e",
  "outputs": {},
  "resources": [
    {
      "mode": "data",
      "type": "openstack_images_image_v2",
      "name": "image_1",
      "provider": "provider[\"registry.terraform.io/terraform-provider-openstack/openstack\"]",
      "instances": [
        {
          "schema_version": 0,
          "attributes": {
            "checksum": "0c5a5881da06136ca4cf0ca252d1e7ad",
            "container_format": "bare",
            "created_at": "2025-10-28T07:09:38Z",
            "disk_format": "raw",
            "file": "/v2/images/1976e9ba-4e80-4a0f-b101-453cf6e212d5/file",
            "hidden": false,
            "id": "1976e9ba-4e80-4a0f-b101-453cf6e212d5",
            "member_status": null,
            "metadata": {},
            "min_disk_gb": 5,
            "min_ram_mb": 512,
            "most_recent": true,
            "name": "Ubuntu 20.04 LTS 64-bit",
            "name_regex": null,
            "owner": "3acf7ceddc024b86b86ef151e4972805",
            "properties": {
              "direct_url": "rbd://49f37ff2-48ad-4eb7-962e-4e6365bc9c03/images/1976e9ba-4e80-4a0f-b101-453cf6e212d5/snap",
              "hw_disk_bus": "scsi",
              "hw_qemu_guest_agent": "yes",
              "hw_scsi_model": "virtio-scsi",
              "os_distro": "ubuntu",
              "os_hash_algo": "sha512",
              "os_hash_value": "b85be39bad29b5d38e73c3c0796e14e383a5b96c5a9b91f97a22c6ca93bcd2eac2daf903b6e0ac0ea8c5aa629a23ac462d69004bc663d891c219952e9c700502",
              "os_type": "linux",
              "stores": "ru-9a",
              "watchdog": "pause",
              "x_sel_image_agent_type": "cloud-init",
              "x_sel_image_os_arch": "amd64",
              "x_sel_image_os_dist": "ubuntu",
              "x_sel_image_owner": "Selectel",
              "x_sel_image_source_file": "ubuntu-focal-amd64-selectel-master-product-0.1.img",
              "x_sel_image_type": "master",
              "x_sel_os_type": "linux"
            },
            "protected": false,
            "region": "ru-9",
            "schema": "/v2/schemas/image",
            "size_bytes": 3990683648,
            "size_max": null,
            "size_min": null,
            "sort": "name:asc",
            "tag": null,
            "tags": [],
            "updated_at": "2025-10-28T07:12:10Z",
            "visibility": "public"
          },
          "sensitive_attributes": [],
          "identity_schema_version": 0
        }
      ]
    },
    {
      "mode": "managed",
      "type": "openstack_blockstorage_volume_v3",
      "name": "volume_1",
      "provider": "provider[\"registry.terraform.io/terraform-provider-openstack/openstack\"]",
      "instances": [
        {
          "schema_version": 0,
          "attributes": {
            "attachment": [
              {
                "device": "/dev/sda",
                "id": "0b03877d-780d-4089-a755-585181cdfaab",
                "instance_id": "c4bac0f3-1dd3-49a1-be0a-09469a7a2cbc"
              }
            ],
            "availability_zone": "ru-9a",
            "backup_id": "",
            "consistency_group_id": null,
            "description": "",
            "enable_online_resize": true,
            "id": "0b03877d-780d-4089-a755-585181cdfaab",
            "image_id": "1976e9ba-4e80-4a0f-b101-453cf6e212d5",
            "metadata": {},
            "name": "boot-volume-for-server",
            "region": "ru-9",
            "scheduler_hints": [],
            "size": 5,
            "snapshot_id": "",
            "source_replica": null,
            "source_vol_id": "",
            "timeouts": null,
            "volume_type": "fast.ru-9a"
          },
          "sensitive_attributes": [],
          "identity_schema_version": 0,
          "private": "eyJlMmJmYjczMC1lY2FhLTExZTYtOGY4OC0zNDM2M2JjN2M0YzAiOnsiY3JlYXRlIjo2MDAwMDAwMDAwMDAsImRlbGV0ZSI6NjAwMDAwMDAwMDAwfX0=",
          "dependencies": [
            "data.openstack_images_image_v2.image_1",
            "selectel_iam_serviceuser_v1.serviceuser_1",
            "selectel_vpc_project_v2.project_1"
          ]
        }
      ]
    },
    {
      "mode": "managed",
      "type": "openstack_blockstorage_volume_v3",
      "name": "volume_2",
      "provider": "provider[\"registry.terraform.io/terraform-provider-openstack/openstack\"]",
      "instances": [
        {
          "schema_version": 0,
          "attributes": {
            "attachment": [
              {
                "device": "/dev/sdb",
                "id": "b2899614-6d58-4870-88e0-6b4e432cbedc",
                "instance_id": "c4bac0f3-1dd3-49a1-be0a-09469a7a2cbc"
              }
            ],
            "availability_zone": "ru-9a",
            "backup_id": "",
            "consistency_group_id": null,
            "description": "",
            "enable_online_resize": true,
            "id": "b2899614-6d58-4870-88e0-6b4e432cbedc",
            "image_id": null,
            "metadata": {},
            "name": "additional-volume-for-server",
            "region": "ru-9",
            "scheduler_hints": [],
            "size": 7,
            "snapshot_id": "",
            "source_replica": null,
            "source_vol_id": "",
            "timeouts": null,
            "volume_type": "universal.ru-9a"
          },
          "sensitive_attributes": [],
          "identity_schema_version": 0,
          "private": "eyJlMmJmYjczMC1lY2FhLTExZTYtOGY4OC0zNDM2M2JjN2M0YzAiOnsiY3JlYXRlIjo2MDAwMDAwMDAwMDAsImRlbGV0ZSI6NjAwMDAwMDAwMDAwfX0=",
          "dependencies": [
            "selectel_iam_serviceuser_v1.serviceuser_1",
            "selectel_vpc_project_v2.project_1"
          ]
        }
      ]
    },
    {
      "mode": "managed",
      "type": "openstack_compute_flavor_v2",
      "name": "flavor_1",
      "provider": "provider[\"registry.terraform.io/terraform-provider-openstack/openstack\"]",
      "instances": [
        {
          "schema_version": 0,
          "attributes": {
            "description": "",
            "disk": 0,
            "ephemeral": 0,
            "extra_specs": {
              "aggregate_instance_extra_specs:fl_size": "flex_big",
              "hw:cpu_max_sockets": "2"
            },
            "flavor_id": "883811d9-2e29-42cc-a5df-ccd55b305fb6",
            "id": "883811d9-2e29-42cc-a5df-ccd55b305fb6",
            "is_public": false,
            "name": "hexlet",
            "ram": 2048,
            "region": "ru-9",
            "rx_tx_factor": 1,
            "swap": 0,
            "vcpus": 2
          },
          "sensitive_attributes": [],
          "identity_schema_version": 0,
          "private": "bnVsbA==",
          "dependencies": [
            "selectel_iam_serviceuser_v1.serviceuser_1",
            "selectel_vpc_project_v2.project_1"
          ],
          "create_before_destroy": true
        }
      ]
    },
    {
      "mode": "managed",
      "type": "openstack_compute_instance_v2",
      "name": "server_1",
      "provider": "provider[\"registry.terraform.io/terraform-provider-openstack/openstack\"]",
      "instances": [
        {
          "schema_version": 0,
          "attributes": {
            "access_ip_v4": "192.168.199.109",
            "access_ip_v6": "",
            "admin_pass": null,
            "all_metadata": {},
            "all_tags": [],
            "availability_zone": "ru-9a",
            "availability_zone_hints": null,
            "block_device": [
              {
                "boot_index": 0,
                "delete_on_termination": false,
                "destination_type": "volume",
                "device_type": "",
                "disk_bus": "",
                "guest_format": "",
                "multiattach": false,
                "source_type": "volume",
                "uuid": "0b03877d-780d-4089-a755-585181cdfaab",
                "volume_size": 0,
                "volume_type": ""
              },
              {
                "boot_index": -1,
                "delete_on_termination": false,
                "destination_type": "volume",
                "device_type": "",
                "disk_bus": "",
                "guest_format": "",
                "multiattach": false,
                "source_type": "volume",
                "uuid": "b2899614-6d58-4870-88e0-6b4e432cbedc",
                "volume_size": 0,
                "volume_type": ""
              }
            ],
            "config_drive": null,
            "created": "2025-10-29 07:00:52 +0000 UTC",
            "flavor_id": "883811d9-2e29-42cc-a5df-ccd55b305fb6",
            "flavor_name": "hexlet",
            "force_delete": false,
            "id": "c4bac0f3-1dd3-49a1-be0a-09469a7a2cbc",
            "image_id": "Attempt to boot from volume - no image supplied",
            "image_name": null,
            "key_pair": "keypair",
            "metadata": null,
            "name": "server",
            "network": [
              {
                "access_network": false,
                "fixed_ip_v4": "192.168.199.109",
                "fixed_ip_v6": "",
                "mac": "fa:16:3e:a0:4b:fe",
                "name": "private-network",
                "port": "330e14c2-1869-4fb3-9dfc-828a487882b6",
                "uuid": "00906f5f-5083-46d2-86e5-2b536e266450"
              }
            ],
            "network_mode": null,
            "personality": [],
            "power_state": "active",
            "region": "ru-9",
            "scheduler_hints": [],
            "security_groups": [],
            "stop_before_destroy": false,
            "tags": [],
            "timeouts": null,
            "updated": "2025-10-29 07:01:08 +0000 UTC",
            "user_data": null,
            "vendor_options": [
              {
                "detach_ports_before_destroy": false,
                "ignore_resize_confirmation": true
              }
            ]
          },
          "sensitive_attributes": [
            [
              {
                "type": "get_attr",
                "value": "admin_pass"
              }
            ]
          ],
          "identity_schema_version": 0,
          "private": "eyJlMmJmYjczMC1lY2FhLTExZTYtOGY4OC0zNDM2M2JjN2M0YzAiOnsiY3JlYXRlIjoxODAwMDAwMDAwMDAwLCJkZWxldGUiOjE4MDAwMDAwMDAwMDAsInVwZGF0ZSI6MTgwMDAwMDAwMDAwMH19",
          "dependencies": [
            "data.openstack_images_image_v2.image_1",
            "openstack_blockstorage_volume_v3.volume_1",
            "openstack_blockstorage_volume_v3.volume_2",
            "openstack_compute_flavor_v2.flavor_1",
            "openstack_networking_network_v2.network_1",
            "openstack_networking_port_v2.port_1",
            "openstack_networking_subnet_v2.subnet_1",
            "selectel_iam_serviceuser_v1.serviceuser_1",
            "selectel_vpc_keypair_v2.keypair_1",
            "selectel_vpc_project_v2.project_1"
          ]
        }
      ]
    },
    {
      "mode": "managed",
      "type": "openstack_networking_floatingip_v2",
      "name": "floatingip_1",
      "provider": "provider[\"registry.terraform.io/terraform-provider-openstack/openstack\"]",
      "instances": [
        {
          "schema_version": 0,
          "attributes": {
            "address": "87.228.17.92",
            "all_tags": [],
            "description": "",
            "dns_domain": "",
            "dns_name": "",
            "fixed_ip": "",
            "id": "27b58e01-a6b7-44fe-9468-9fcb0a4570d8",
            "pool": "external-network",
            "port_id": "",
            "region": "ru-9",
            "subnet_id": null,
            "subnet_ids": null,
            "tags": [],
            "tenant_id": "f790a8fc482841d6a83ea7e1383e941b",
            "timeouts": null,
            "value_specs": null
          },
          "sensitive_attributes": [],
          "identity_schema_version": 0,
          "private": "eyJlMmJmYjczMC1lY2FhLTExZTYtOGY4OC0zNDM2M2JjN2M0YzAiOnsiY3JlYXRlIjo2MDAwMDAwMDAwMDAsImRlbGV0ZSI6NjAwMDAwMDAwMDAwfX0=",
          "dependencies": [
            "selectel_iam_serviceuser_v1.serviceuser_1",
            "selectel_vpc_project_v2.project_1"
          ]
        }
      ]
    },
    {
      "mode": "managed",
      "type": "openstack_networking_network_v2",
      "name": "network_1",
      "provider": "provider[\"registry.terraform.io/terraform-provider-openstack/openstack\"]",
      "instances": [
        {
          "schema_version": 0,
          "attributes": {
            "admin_state_up": true,
            "all_tags": [],
            "availability_zone_hints": [],
            "description": "",
            "dns_domain": "",
            "external": false,
            "id": "00906f5f-5083-46d2-86e5-2b536e266450",
            "mtu": 1500,
            "name": "private-network",
            "port_security_enabled": true,
            "qos_policy_id": "ca7a4923-52e8-4723-b00b-10cabcd4eedc",
            "region": "ru-9",
            "segments": [
              {
                "network_type": "vxlan",
                "physical_network": "",
                "segmentation_id": 22016
              }
            ],
            "shared": false,
            "tags": [],
            "tenant_id": "f790a8fc482841d6a83ea7e1383e941b",
            "timeouts": null,
            "transparent_vlan": false,
            "value_specs": null
          },
          "sensitive_attributes": [],
          "identity_schema_version": 0,
          "private": "eyJlMmJmYjczMC1lY2FhLTExZTYtOGY4OC0zNDM2M2JjN2M0YzAiOnsiY3JlYXRlIjo2MDAwMDAwMDAwMDAsImRlbGV0ZSI6NjAwMDAwMDAwMDAwfX0=",
          "dependencies": [
            "selectel_iam_serviceuser_v1.serviceuser_1",
            "selectel_vpc_project_v2.project_1"
          ]
        }
      ]
    },
    {
      "mode": "managed",
      "type": "openstack_networking_port_v2",
      "name": "port_1",
      "provider": "provider[\"registry.terraform.io/terraform-provider-openstack/openstack\"]",
      "instances": [
        {
          "schema_version": 0,
          "attributes": {
            "admin_state_up": true,
            "all_fixed_ips": [
              "192.168.199.109"
            ],
            "all_security_group_ids": [
              "83e7417c-e852-4cb6-ab76-db638ddda3e8"
            ],
            "all_tags": [],
            "allowed_address_pairs": [],
            "binding": [
              {
                "host_id": "",
                "profile": "",
                "vif_details": {},
                "vif_type": "",
                "vnic_type": "normal"
              }
            ],
            "description": "",
            "device_id": "c4bac0f3-1dd3-49a1-be0a-09469a7a2cbc",
            "device_owner": "compute:ru-9a",
            "dns_assignment": [],
            "dns_name": "",
            "extra_dhcp_option": [],
            "fixed_ip": [
              {
                "ip_address": "",
                "subnet_id": "2ee1b08c-f7b1-4199-ab3a-2a5cad1082a2"
              }
            ],
            "id": "330e14c2-1869-4fb3-9dfc-828a487882b6",
            "mac_address": "fa:16:3e:a0:4b:fe",
            "name": "port",
            "network_id": "00906f5f-5083-46d2-86e5-2b536e266450",
            "no_fixed_ip": null,
            "no_security_groups": null,
            "port_security_enabled": true,
            "qos_policy_id": "ca7a4923-52e8-4723-b00b-10cabcd4eedc",
            "region": "ru-9",
            "security_group_ids": null,
            "tags": [],
            "tenant_id": "f790a8fc482841d6a83ea7e1383e941b",
            "timeouts": null,
            "value_specs": null
          },
          "sensitive_attributes": [],
          "identity_schema_version": 0,
          "private": "eyJlMmJmYjczMC1lY2FhLTExZTYtOGY4OC0zNDM2M2JjN2M0YzAiOnsiY3JlYXRlIjo2MDAwMDAwMDAwMDAsImRlbGV0ZSI6NjAwMDAwMDAwMDAwfX0=",
          "dependencies": [
            "openstack_networking_network_v2.network_1",
            "openstack_networking_subnet_v2.subnet_1",
            "selectel_iam_serviceuser_v1.serviceuser_1",
            "selectel_vpc_project_v2.project_1"
          ]
        }
      ]
    },
    {
      "mode": "managed",
      "type": "openstack_networking_subnet_v2",
      "name": "subnet_1",
      "provider": "provider[\"registry.terraform.io/terraform-provider-openstack/openstack\"]",
      "instances": [
        {
          "schema_version": 0,
          "attributes": {
            "all_tags": [],
            "allocation_pool": [
              {
                "end": "192.168.199.254",
                "start": "192.168.199.2"
              }
            ],
            "cidr": "192.168.199.0/24",
            "description": "",
            "dns_nameservers": [],
            "dns_publish_fixed_ip": false,
            "enable_dhcp": true,
            "gateway_ip": "192.168.199.1",
            "id": "2ee1b08c-f7b1-4199-ab3a-2a5cad1082a2",
            "ip_version": 4,
            "ipv6_address_mode": "",
            "ipv6_ra_mode": "",
            "name": "private-subnet",
            "network_id": "00906f5f-5083-46d2-86e5-2b536e266450",
            "no_gateway": false,
            "prefix_length": null,
            "region": "ru-9",
            "service_types": [],
            "subnetpool_id": "",
            "tags": [],
            "tenant_id": "f790a8fc482841d6a83ea7e1383e941b",
            "timeouts": null,
            "value_specs": null
          },
          "sensitive_attributes": [],
          "identity_schema_version": 0,
          "private": "eyJlMmJmYjczMC1lY2FhLTExZTYtOGY4OC0zNDM2M2JjN2M0YzAiOnsiY3JlYXRlIjo2MDAwMDAwMDAwMDAsImRlbGV0ZSI6NjAwMDAwMDAwMDAwfX0=",
          "dependencies": [
            "openstack_networking_network_v2.network_1",
            "selectel_iam_serviceuser_v1.serviceuser_1",
            "selectel_vpc_project_v2.project_1"
          ]
        }
      ]
    },
    {
      "mode": "managed",
      "type": "selectel_iam_serviceuser_v1",
      "name": "serviceuser_1",
      "provider": "provider[\"registry.terraform.io/selectel/selectel\"]",
      "instances": [
        {
          "schema_version": 0,
          "attributes": {
            "enabled": true,
            "id": "d73014935c4d478c97618e1ee05c1982",
            "name": "hexlet",
            "password": "K.l:,FyGvQr\u003cxDx9z^7%",
            "role": [
              {
                "project_id": "f790a8fc482841d6a83ea7e1383e941b",
                "role_name": "member",
                "scope": "project"
              }
            ]
          },
          "sensitive_attributes": [
            [
              {
                "type": "get_attr",
                "value": "password"
              }
            ]
          ],
          "identity_schema_version": 0,
          "private": "bnVsbA==",
          "dependencies": [
            "selectel_vpc_project_v2.project_1"
          ],
          "create_before_destroy": true
        }
      ]
    },
    {
      "mode": "managed",
      "type": "selectel_vpc_keypair_v2",
      "name": "keypair_1",
      "provider": "provider[\"registry.terraform.io/selectel/selectel\"]",
      "instances": [
        {
          "schema_version": 0,
          "attributes": {
            "id": "d73014935c4d478c97618e1ee05c1982/keypair",
            "name": "keypair",
            "public_key": "ssh-ed25519 AAAAC3NzaC1lZDI1NTE5AAAAILQ3FL4XEz8/9zUFhcPP72806W9T+hHIhx0bULWLS38x nizovcev.i@MacBook-Air-Nizovcev.local\n",
            "regions": null,
            "user_id": "d73014935c4d478c97618e1ee05c1982"
          },
          "sensitive_attributes": [],
          "identity_schema_version": 0,
          "private": "bnVsbA==",
          "dependencies": [
            "selectel_iam_serviceuser_v1.serviceuser_1",
            "selectel_vpc_project_v2.project_1"
          ]
        }
      ]
    },
    {
      "mode": "managed",
      "type": "selectel_vpc_project_v2",
      "name": "project_1",
      "provider": "provider[\"registry.terraform.io/selectel/selectel\"]",
      "instances": [
        {
          "schema_version": 0,
          "attributes": {
            "all_quotas": [
              {
                "resource_name": "compute_cores",
                "resource_quotas": [
                  {
                    "region": "gis-1",
                    "used": 0,
                    "value": 600,
                    "zone": "gis-1a"
                  },
                  {
                    "region": "gis-2",
                    "used": 0,
                    "value": 600,
                    "zone": "gis-2a"
                  },
                  {
                    "region": "ke-1",
                    "used": 0,
                    "value": 5,
                    "zone": "ke-1a"
                  },
                  {
                    "region": "kz-1",
                    "used": 0,
                    "value": 600,
                    "zone": "kz-1a"
                  },
                  {
                    "region": "ru-1",
                    "used": 0,
                    "value": 5,
                    "zone": "ru-1a"
                  },
                  {
                    "region": "ru-1",
                    "used": 0,
                    "value": 600,
                    "zone": "ru-1b"
                  },
                  {
                    "region": "ru-1",
                    "used": 0,
                    "value": 600,
                    "zone": "ru-1c"
                  },
                  {
                    "region": "ru-2",
                    "used": 0,
                    "value": 200,
                    "zone": "ru-2c"
                  },
                  {
                    "region": "ru-2",
                    "used": 0,
                    "value": 20,
                    "zone": "ru-2a"
                  },
                  {
                    "region": "ru-2",
                    "used": 0,
                    "value": 20,
                    "zone": "ru-2b"
                  },
                  {
                    "region": "ru-3",
                    "used": 0,
                    "value": 400,
                    "zone": "ru-3a"
                  },
                  {
                    "region": "ru-3",
                    "used": 0,
                    "value": 600,
                    "zone": "ru-3b"
                  },
                  {
                    "region": "ru-6",
                    "used": 0,
                    "value": 600,
                    "zone": "ru-6a"
                  },
                  {
                    "region": "ru-7",
                    "used": 0,
                    "value": 600,
                    "zone": "ru-7a"
                  },
                  {
                    "region": "ru-7",
                    "used": 0,
                    "value": 600,
                    "zone": "ru-7b"
                  },
                  {
                    "region": "ru-8",
                    "used": 0,
                    "value": 600,
                    "zone": "ru-8a"
                  },
                  {
                    "region": "ru-9",
                    "used": 2,
                    "value": 600,
                    "zone": "ru-9a"
                  },
                  {
                    "region": "uz-1",
                    "used": 0,
                    "value": 600,
                    "zone": "uz-1a"
                  },
                  {
                    "region": "uz-2",
                    "used": 0,
                    "value": 600,
                    "zone": "uz-2a"
                  }
                ]
              },
              {
                "resource_name": "compute_pci_gpu_6000_ada",
                "resource_quotas": [
                  {
                    "region": "ru-7",
                    "used": 0,
                    "value": 32,
                    "zone": "ru-7b"
                  }
                ]
              },
              {
                "resource_name": "compute_pci_gpu_a100",
                "resource_quotas": [
                  {
                    "region": "ru-7",
                    "used": 0,
                    "value": 32,
                    "zone": "ru-7a"
                  },
                  {
                    "region": "ru-9",
                    "used": 0,
                    "value": 32,
                    "zone": "ru-9a"
                  }
                ]
              },
              {
                "resource_name": "compute_pci_gpu_a100_80",
                "resource_quotas": [
                  {
                    "region": "ru-7",
                    "used": 0,
                    "value": 32,
                    "zone": "ru-7b"
                  }
                ]
              },
              {
                "resource_name": "compute_pci_gpu_a2",
                "resource_quotas": [
                  {
                    "region": "ru-7",
                    "used": 0,
                    "value": 32,
                    "zone": "ru-7a"
                  }
                ]
              },
              {
                "resource_name": "compute_pci_gpu_a2000",
                "resource_quotas": [
                  {
                    "region": "ru-7",
                    "used": 0,
                    "value": 32,
                    "zone": "ru-7a"
                  },
                  {
                    "region": "ru-7",
                    "used": 0,
                    "value": 32,
                    "zone": "ru-7b"
                  }
                ]
              },
              {
                "resource_name": "compute_pci_gpu_a30",
                "resource_quotas": [
                  {
                    "region": "ru-7",
                    "used": 0,
                    "value": 32,
                    "zone": "ru-7a"
                  }
                ]
              },
              {
                "resource_name": "compute_pci_gpu_a5000",
                "resource_quotas": [
                  {
                    "region": "kz-1",
                    "used": 0,
                    "value": 32,
                    "zone": "kz-1a"
                  },
                  {
                    "region": "ru-7",
                    "used": 0,
                    "value": 32,
                    "zone": "ru-7a"
                  },
                  {
                    "region": "ru-7",
                    "used": 0,
                    "value": 32,
                    "zone": "ru-7b"
                  },
                  {
                    "region": "uz-2",
                    "used": 0,
                    "value": 32,
                    "zone": "uz-2a"
                  }
                ]
              },
              {
                "resource_name": "compute_pci_gpu_gtx1080",
                "resource_quotas": [
                  {
                    "region": "ru-1",
                    "used": 0,
                    "value": 32,
                    "zone": "ru-1a"
                  },
                  {
                    "region": "ru-1",
                    "used": 0,
                    "value": 32,
                    "zone": "ru-1b"
                  },
                  {
                    "region": "ru-1",
                    "used": 0,
                    "value": 32,
                    "zone": "ru-1c"
                  },
                  {
                    "region": "ru-2",
                    "used": 0,
                    "value": 32,
                    "zone": "ru-2b"
                  },
                  {
                    "region": "ru-3",
                    "used": 0,
                    "value": 32,
                    "zone": "ru-3a"
                  },
                  {
                    "region": "ru-3",
                    "used": 0,
                    "value": 32,
                    "zone": "ru-3b"
                  },
                  {
                    "region": "ru-7",
                    "used": 0,
                    "value": 32,
                    "zone": "ru-7a"
                  },
                  {
                    "region": "ru-8",
                    "used": 0,
                    "value": 8,
                    "zone": "ru-8a"
                  },
                  {
                    "region": "ru-9",
                    "used": 0,
                    "value": 32,
                    "zone": "ru-9a"
                  }
                ]
              },
              {
                "resource_name": "compute_pci_gpu_rtx2080ti",
                "resource_quotas": [
                  {
                    "region": "ru-7",
                    "used": 0,
                    "value": 32,
                    "zone": "ru-7b"
                  }
                ]
              },
              {
                "resource_name": "compute_pci_gpu_rtx4090",
                "resource_quotas": [
                  {
                    "region": "ru-7",
                    "used": 0,
                    "value": 32,
                    "zone": "ru-7b"
                  }
                ]
              },
              {
                "resource_name": "compute_pci_gpu_t4",
                "resource_quotas": [
                  {
                    "region": "gis-2",
                    "used": 0,
                    "value": 32,
                    "zone": "gis-2a"
                  },
                  {
                    "region": "ru-2",
                    "used": 0,
                    "value": 32,
                    "zone": "ru-2c"
                  },
                  {
                    "region": "ru-3",
                    "used": 0,
                    "value": 32,
                    "zone": "ru-3b"
                  },
                  {
                    "region": "ru-7",
                    "used": 0,
                    "value": 32,
                    "zone": "ru-7a"
                  },
                  {
                    "region": "ru-9",
                    "used": 0,
                    "value": 32,
                    "zone": "ru-9a"
                  }
                ]
              },
              {
                "resource_name": "compute_ram",
                "resource_quotas": [
                  {
                    "region": "gis-1",
                    "used": 0,
                    "value": 524288,
                    "zone": "gis-1a"
                  },
                  {
                    "region": "gis-2",
                    "used": 0,
                    "value": 524288,
                    "zone": "gis-2a"
                  },
                  {
                    "region": "ke-1",
                    "used": 0,
                    "value": 16384,
                    "zone": "ke-1a"
                  },
                  {
                    "region": "kz-1",
                    "used": 0,
                    "value": 524288,
                    "zone": "kz-1a"
                  },
                  {
                    "region": "ru-1",
                    "used": 0,
                    "value": 256,
                    "zone": "ru-1a"
                  },
                  {
                    "region": "ru-1",
                    "used": 0,
                    "value": 5120000,
                    "zone": "ru-1b"
                  },
                  {
                    "region": "ru-1",
                    "used": 0,
                    "value": 5120000,
                    "zone": "ru-1c"
                  },
                  {
                    "region": "ru-2",
                    "used": 0,
                    "value": 262144,
                    "zone": "ru-2a"
                  },
                  {
                    "region": "ru-2",
                    "used": 0,
                    "value": 262144,
                    "zone": "ru-2b"
                  },
                  {
                    "region": "ru-2",
                    "used": 0,
                    "value": 524288,
                    "zone": "ru-2c"
                  },
                  {
                    "region": "ru-3",
                    "used": 0,
                    "value": 1024000,
                    "zone": "ru-3a"
                  },
                  {
                    "region": "ru-3",
                    "used": 0,
                    "value": 5120000,
                    "zone": "ru-3b"
                  },
                  {
                    "region": "ru-6",
                    "used": 0,
                    "value": 5120000,
                    "zone": "ru-6a"
                  },
                  {
                    "region": "ru-7",
                    "used": 0,
                    "value": 5120000,
                    "zone": "ru-7a"
                  },
                  {
                    "region": "ru-7",
                    "used": 0,
                    "value": 5120000,
                    "zone": "ru-7b"
                  },
                  {
                    "region": "ru-8",
                    "used": 0,
                    "value": 5120000,
                    "zone": "ru-8a"
                  },
                  {
                    "region": "ru-9",
                    "used": 2048,
                    "value": 5120000,
                    "zone": "ru-9a"
                  },
                  {
                    "region": "uz-1",
                    "used": 0,
                    "value": 524288,
                    "zone": "uz-1a"
                  },
                  {
                    "region": "uz-2",
                    "used": 0,
                    "value": 524288,
                    "zone": "uz-2a"
                  }
                ]
              },
              {
                "resource_name": "dbaas_compute_cores",
                "resource_quotas": [
                  {
                    "region": "ke-1",
                    "used": 0,
                    "value": 600,
                    "zone": ""
                  },
                  {
                    "region": "kz-1",
                    "used": 0,
                    "value": 600,
                    "zone": ""
                  },
                  {
                    "region": "ru-1",
                    "used": 0,
                    "value": 100000,
                    "zone": ""
                  },
                  {
                    "region": "ru-2",
                    "used": 0,
                    "value": 600,
                    "zone": ""
                  },
                  {
                    "region": "ru-3",
                    "used": 0,
                    "value": 600,
                    "zone": ""
                  },
                  {
                    "region": "ru-7",
                    "used": 0,
                    "value": 600,
                    "zone": ""
                  },
                  {
                    "region": "ru-8",
                    "used": 0,
                    "value": 600,
                    "zone": ""
                  },
                  {
                    "region": "ru-9",
                    "used": 0,
                    "value": 600,
                    "zone": ""
                  },
                  {
                    "region": "uz-1",
                    "used": 0,
                    "value": 75,
                    "zone": ""
                  },
                  {
                    "region": "uz-2",
                    "used": 0,
                    "value": 600,
                    "zone": ""
                  }
                ]
              },
              {
                "resource_name": "dbaas_compute_ram",
                "resource_quotas": [
                  {
                    "region": "ke-1",
                    "used": 0,
                    "value": 5120000,
                    "zone": ""
                  },
                  {
                    "region": "kz-1",
                    "used": 0,
                    "value": 5120000,
                    "zone": ""
                  },
                  {
                    "region": "ru-1",
                    "used": 0,
                    "value": 5120000,
                    "zone": ""
                  },
                  {
                    "region": "ru-2",
                    "used": 0,
                    "value": 5120000,
                    "zone": ""
                  },
                  {
                    "region": "ru-3",
                    "used": 0,
                    "value": 5120000,
                    "zone": ""
                  },
                  {
                    "region": "ru-7",
                    "used": 0,
                    "value": 5120000,
                    "zone": ""
                  },
                  {
                    "region": "ru-8",
                    "used": 0,
                    "value": 5120000,
                    "zone": ""
                  },
                  {
                    "region": "ru-9",
                    "used": 0,
                    "value": 5120000,
                    "zone": ""
                  },
                  {
                    "region": "uz-1",
                    "used": 0,
                    "value": 262144,
                    "zone": ""
                  },
                  {
                    "region": "uz-2",
                    "used": 0,
                    "value": 5120000,
                    "zone": ""
                  }
                ]
              },
              {
                "resource_name": "dbaas_volume_gigabytes_local",
                "resource_quotas": [
                  {
                    "region": "ke-1",
                    "used": 0,
                    "value": 5000,
                    "zone": ""
                  },
                  {
                    "region": "kz-1",
                    "used": 0,
                    "value": 5000,
                    "zone": ""
                  },
                  {
                    "region": "ru-1",
                    "used": 0,
                    "value": 5000,
                    "zone": ""
                  },
                  {
                    "region": "ru-2",
                    "used": 0,
                    "value": 5000,
                    "zone": ""
                  },
                  {
                    "region": "ru-3",
                    "used": 0,
                    "value": 15000,
                    "zone": ""
                  },
                  {
                    "region": "ru-7",
                    "used": 0,
                    "value": 15000,
                    "zone": ""
                  },
                  {
                    "region": "ru-8",
                    "used": 0,
                    "value": 5000,
                    "zone": ""
                  },
                  {
                    "region": "ru-9",
                    "used": 0,
                    "value": 15000,
                    "zone": ""
                  },
                  {
                    "region": "uz-1",
                    "used": 0,
                    "value": 2000,
                    "zone": ""
                  },
                  {
                    "region": "uz-2",
                    "used": 0,
                    "value": 5000,
                    "zone": ""
                  }
                ]
              },
              {
                "resource_name": "dbaas_volume_gigabytes_network_ultra",
                "resource_quotas": [
                  {
                    "region": "ke-1",
                    "used": 0,
                    "value": 1000,
                    "zone": ""
                  },
                  {
                    "region": "kz-1",
                    "used": 0,
                    "value": 5000,
                    "zone": ""
                  },
                  {
                    "region": "ru-1",
                    "used": 0,
                    "value": 1000,
                    "zone": ""
                  },
                  {
                    "region": "ru-2",
                    "used": 0,
                    "value": 1000,
                    "zone": ""
                  },
                  {
                    "region": "ru-3",
                    "used": 0,
                    "value": 5000,
                    "zone": ""
                  },
                  {
                    "region": "ru-7",
                    "used": 0,
                    "value": 5000,
                    "zone": ""
                  },
                  {
                    "region": "ru-8",
                    "used": 0,
                    "value": 1000,
                    "zone": ""
                  },
                  {
                    "region": "ru-9",
                    "used": 0,
                    "value": 5000,
                    "zone": ""
                  },
                  {
                    "region": "uz-1",
                    "used": 0,
                    "value": 2000,
                    "zone": ""
                  },
                  {
                    "region": "uz-2",
                    "used": 0,
                    "value": 5000,
                    "zone": ""
                  }
                ]
              },
              {
                "resource_name": "image_gigabytes",
                "resource_quotas": [
                  {
                    "region": "gis-1",
                    "used": 0,
                    "value": 10000,
                    "zone": ""
                  },
                  {
                    "region": "gis-2",
                    "used": 0,
                    "value": 10000,
                    "zone": ""
                  },
                  {
                    "region": "ke-1",
                    "used": 0,
                    "value": 10000,
                    "zone": ""
                  },
                  {
                    "region": "kz-1",
                    "used": 0,
                    "value": 10000,
                    "zone": ""
                  },
                  {
                    "region": "ru-1",
                    "used": 0,
                    "value": 150000,
                    "zone": ""
                  },
                  {
                    "region": "ru-2",
                    "used": 0,
                    "value": 150000,
                    "zone": ""
                  },
                  {
                    "region": "ru-3",
                    "used": 0,
                    "value": 150000,
                    "zone": ""
                  },
                  {
                    "region": "ru-6",
                    "used": 0,
                    "value": 150000,
                    "zone": ""
                  },
                  {
                    "region": "ru-7",
                    "used": 0,
                    "value": 150000,
                    "zone": ""
                  },
                  {
                    "region": "ru-8",
                    "used": 0,
                    "value": 150000,
                    "zone": ""
                  },
                  {
                    "region": "ru-9",
                    "used": 0,
                    "value": 150000,
                    "zone": ""
                  },
                  {
                    "region": "uz-1",
                    "used": 0,
                    "value": 10000,
                    "zone": ""
                  },
                  {
                    "region": "uz-2",
                    "used": 0,
                    "value": 10000,
                    "zone": ""
                  }
                ]
              },
              {
                "resource_name": "inference_service_compute_cores",
                "resource_quotas": [
                  {
                    "region": "ru-7",
                    "used": 0,
                    "value": 64,
                    "zone": ""
                  }
                ]
              },
              {
                "resource_name": "inference_service_compute_cores_hifreq",
                "resource_quotas": [
                  {
                    "region": "ru-7",
                    "used": 0,
                    "value": 64,
                    "zone": ""
                  }
                ]
              },
              {
                "resource_name": "inference_service_compute_ram",
                "resource_quotas": [
                  {
                    "region": "ru-7",
                    "used": 0,
                    "value": 1048576,
                    "zone": ""
                  }
                ]
              },
              {
                "resource_name": "inference_service_compute_ram_hifreq",
                "resource_quotas": [
                  {
                    "region": "ru-7",
                    "used": 0,
                    "value": 1048576,
                    "zone": ""
                  }
                ]
              },
              {
                "resource_name": "inference_service_gpu_nvidia_a100_40",
                "resource_quotas": [
                  {
                    "region": "ru-7",
                    "used": 0,
                    "value": 0,
                    "zone": ""
                  }
                ]
              },
              {
                "resource_name": "inference_service_gpu_nvidia_a100_80",
                "resource_quotas": [
                  {
                    "region": "ru-7",
                    "used": 0,
                    "value": 0,
                    "zone": ""
                  }
                ]
              },
              {
                "resource_name": "inference_service_gpu_nvidia_a2000_6",
                "resource_quotas": [
                  {
                    "region": "ru-7",
                    "used": 0,
                    "value": 0,
                    "zone": ""
                  }
                ]
              },
              {
                "resource_name": "inference_service_gpu_nvidia_a2_16",
                "resource_quotas": [
                  {
                    "region": "ru-7",
                    "used": 0,
                    "value": 0,
                    "zone": ""
                  }
                ]
              },
              {
                "resource_name": "inference_service_gpu_nvidia_a30_24",
                "resource_quotas": [
                  {
                    "region": "ru-7",
                    "used": 0,
                    "value": 0,
                    "zone": ""
                  }
                ]
              },
              {
                "resource_name": "inference_service_gpu_nvidia_a5000_24",
                "resource_quotas": [
                  {
                    "region": "ru-7",
                    "used": 0,
                    "value": 0,
                    "zone": ""
                  }
                ]
              },
              {
                "resource_name": "inference_service_gpu_nvidia_rtx4090_24",
                "resource_quotas": [
                  {
                    "region": "ru-7",
                    "used": 0,
                    "value": 0,
                    "zone": ""
                  }
                ]
              },
              {
                "resource_name": "inference_service_gpu_nvidia_rtx6000_ada_48",
                "resource_quotas": [
                  {
                    "region": "ru-7",
                    "used": 0,
                    "value": 0,
                    "zone": ""
                  }
                ]
              },
              {
                "resource_name": "inference_service_gpu_nvidia_t4_16",
                "resource_quotas": [
                  {
                    "region": "ru-7",
                    "used": 0,
                    "value": 0,
                    "zone": ""
                  }
                ]
              },
              {
                "resource_name": "inference_service_volume_fast",
                "resource_quotas": [
                  {
                    "region": "ru-7",
                    "used": 0,
                    "value": 2048,
                    "zone": ""
                  }
                ]
              },
              {
                "resource_name": "license_windows_2012_standard",
                "resource_quotas": [
                  {
                    "region": "gis-1",
                    "used": 0,
                    "value": 0,
                    "zone": ""
                  },
                  {
                    "region": "ke-1",
                    "used": 0,
                    "value": 0,
                    "zone": ""
                  },
                  {
                    "region": "kz-1",
                    "used": 0,
                    "value": 0,
                    "zone": ""
                  },
                  {
                    "region": "ru-1",
                    "used": 0,
                    "value": 0,
                    "zone": ""
                  },
                  {
                    "region": "ru-2",
                    "used": 0,
                    "value": 0,
                    "zone": ""
                  },
                  {
                    "region": "ru-3",
                    "used": 0,
                    "value": 0,
                    "zone": ""
                  },
                  {
                    "region": "ru-7",
                    "used": 0,
                    "value": 0,
                    "zone": ""
                  },
                  {
                    "region": "ru-8",
                    "used": 0,
                    "value": 0,
                    "zone": ""
                  },
                  {
                    "region": "ru-9",
                    "used": 0,
                    "value": 0,
                    "zone": ""
                  },
                  {
                    "region": "uz-1",
                    "used": 0,
                    "value": 0,
                    "zone": ""
                  },
                  {
                    "region": "uz-2",
                    "used": 0,
                    "value": 0,
                    "zone": ""
                  }
                ]
              },
              {
                "resource_name": "license_windows_2016_standard",
                "resource_quotas": [
                  {
                    "region": "gis-1",
                    "used": 0,
                    "value": 0,
                    "zone": ""
                  },
                  {
                    "region": "ke-1",
                    "used": 0,
                    "value": 0,
                    "zone": ""
                  },
                  {
                    "region": "kz-1",
                    "used": 0,
                    "value": 0,
                    "zone": ""
                  },
                  {
                    "region": "ru-1",
                    "used": 0,
                    "value": 0,
                    "zone": ""
                  },
                  {
                    "region": "ru-2",
                    "used": 0,
                    "value": 0,
                    "zone": ""
                  },
                  {
                    "region": "ru-3",
                    "used": 0,
                    "value": 0,
                    "zone": ""
                  },
                  {
                    "region": "ru-7",
                    "used": 0,
                    "value": 0,
                    "zone": ""
                  },
                  {
                    "region": "ru-8",
                    "used": 0,
                    "value": 0,
                    "zone": ""
                  },
                  {
                    "region": "ru-9",
                    "used": 0,
                    "value": 0,
                    "zone": ""
                  },
                  {
                    "region": "uz-1",
                    "used": 0,
                    "value": 0,
                    "zone": ""
                  },
                  {
                    "region": "uz-2",
                    "used": 0,
                    "value": 0,
                    "zone": ""
                  }
                ]
              },
              {
                "resource_name": "license_windows_2019_standard",
                "resource_quotas": [
                  {
                    "region": "gis-1",
                    "used": 0,
                    "value": 0,
                    "zone": ""
                  },
                  {
                    "region": "ke-1",
                    "used": 0,
                    "value": 0,
                    "zone": ""
                  },
                  {
                    "region": "kz-1",
                    "used": 0,
                    "value": 0,
                    "zone": ""
                  },
                  {
                    "region": "ru-1",
                    "used": 0,
                    "value": 0,
                    "zone": ""
                  },
                  {
                    "region": "ru-2",
                    "used": 0,
                    "value": 0,
                    "zone": ""
                  },
                  {
                    "region": "ru-3",
                    "used": 0,
                    "value": 0,
                    "zone": ""
                  },
                  {
                    "region": "ru-7",
                    "used": 0,
                    "value": 0,
                    "zone": ""
                  },
                  {
                    "region": "ru-8",
                    "used": 0,
                    "value": 0,
                    "zone": ""
                  },
                  {
                    "region": "ru-9",
                    "used": 0,
                    "value": 0,
                    "zone": ""
                  },
                  {
                    "region": "uz-1",
                    "used": 0,
                    "value": 0,
                    "zone": ""
                  },
                  {
                    "region": "uz-2",
                    "used": 0,
                    "value": 0,
                    "zone": ""
                  }
                ]
              },
              {
                "resource_name": "load_balancers",
                "resource_quotas": [
                  {
                    "region": "gis-1",
                    "used": 0,
                    "value": 100,
                    "zone": ""
                  },
                  {
                    "region": "gis-2",
                    "used": 0,
                    "value": 100,
                    "zone": ""
                  },
                  {
                    "region": "ke-1",
                    "used": 0,
                    "value": 100,
                    "zone": ""
                  },
                  {
                    "region": "kz-1",
                    "used": 0,
                    "value": 100,
                    "zone": ""
                  },
                  {
                    "region": "ru-1",
                    "used": 0,
                    "value": 100,
                    "zone": ""
                  },
                  {
                    "region": "ru-2",
                    "used": 0,
                    "value": 100,
                    "zone": ""
                  },
                  {
                    "region": "ru-3",
                    "used": 0,
                    "value": 100,
                    "zone": ""
                  },
                  {
                    "region": "ru-6",
                    "used": 0,
                    "value": 100,
                    "zone": ""
                  },
                  {
                    "region": "ru-7",
                    "used": 0,
                    "value": 100,
                    "zone": ""
                  },
                  {
                    "region": "ru-8",
                    "used": 0,
                    "value": 100,
                    "zone": ""
                  },
                  {
                    "region": "ru-9",
                    "used": 0,
                    "value": 100,
                    "zone": ""
                  },
                  {
                    "region": "uz-1",
                    "used": 0,
                    "value": 100,
                    "zone": ""
                  },
                  {
                    "region": "uz-2",
                    "used": 0,
                    "value": 100,
                    "zone": ""
                  }
                ]
              },
              {
                "resource_name": "mks_cluster_regional",
                "resource_quotas": [
                  {
                    "region": "ke-1",
                    "used": 0,
                    "value": 20,
                    "zone": ""
                  },
                  {
                    "region": "kz-1",
                    "used": 0,
                    "value": 20,
                    "zone": ""
                  },
                  {
                    "region": "ru-1",
                    "used": 0,
                    "value": 200,
                    "zone": ""
                  },
                  {
                    "region": "ru-2",
                    "used": 0,
                    "value": 200,
                    "zone": ""
                  },
                  {
                    "region": "ru-3",
                    "used": 0,
                    "value": 200,
                    "zone": ""
                  },
                  {
                    "region": "ru-7",
                    "used": 0,
                    "value": 200,
                    "zone": ""
                  },
                  {
                    "region": "ru-8",
                    "used": 0,
                    "value": 200,
                    "zone": ""
                  },
                  {
                    "region": "ru-9",
                    "used": 0,
                    "value": 200,
                    "zone": ""
                  },
                  {
                    "region": "uz-1",
                    "used": 0,
                    "value": 20,
                    "zone": ""
                  },
                  {
                    "region": "uz-2",
                    "used": 0,
                    "value": 20,
                    "zone": ""
                  }
                ]
              },
              {
                "resource_name": "mks_cluster_zonal",
                "resource_quotas": [
                  {
                    "region": "ke-1",
                    "used": 0,
                    "value": 20,
                    "zone": ""
                  },
                  {
                    "region": "kz-1",
                    "used": 0,
                    "value": 20,
                    "zone": ""
                  },
                  {
                    "region": "ru-1",
                    "used": 0,
                    "value": 200,
                    "zone": ""
                  },
                  {
                    "region": "ru-2",
                    "used": 0,
                    "value": 200,
                    "zone": ""
                  },
                  {
                    "region": "ru-3",
                    "used": 0,
                    "value": 200,
                    "zone": ""
                  },
                  {
                    "region": "ru-7",
                    "used": 0,
                    "value": 200,
                    "zone": ""
                  },
                  {
                    "region": "ru-8",
                    "used": 0,
                    "value": 200,
                    "zone": ""
                  },
                  {
                    "region": "ru-9",
                    "used": 0,
                    "value": 200,
                    "zone": ""
                  },
                  {
                    "region": "uz-1",
                    "used": 0,
                    "value": 20,
                    "zone": ""
                  },
                  {
                    "region": "uz-2",
                    "used": 0,
                    "value": 20,
                    "zone": ""
                  }
                ]
              },
              {
                "resource_name": "network_floatingips",
                "resource_quotas": [
                  {
                    "region": "gis-1",
                    "used": 0,
                    "value": 12,
                    "zone": ""
                  },
                  {
                    "region": "gis-2",
                    "used": 0,
                    "value": 12,
                    "zone": ""
                  },
                  {
                    "region": "ke-1",
                    "used": 0,
                    "value": 12,
                    "zone": ""
                  },
                  {
                    "region": "kz-1",
                    "used": 0,
                    "value": 12,
                    "zone": ""
                  },
                  {
                    "region": "ru-1",
                    "used": 0,
                    "value": 12,
                    "zone": ""
                  },
                  {
                    "region": "ru-2",
                    "used": 0,
                    "value": 12,
                    "zone": ""
                  },
                  {
                    "region": "ru-3",
                    "used": 0,
                    "value": 12,
                    "zone": ""
                  },
                  {
                    "region": "ru-6",
                    "used": 0,
                    "value": 12,
                    "zone": ""
                  },
                  {
                    "region": "ru-7",
                    "used": 0,
                    "value": 12,
                    "zone": ""
                  },
                  {
                    "region": "ru-8",
                    "used": 0,
                    "value": 12,
                    "zone": ""
                  },
                  {
                    "region": "ru-9",
                    "used": 1,
                    "value": 12,
                    "zone": ""
                  },
                  {
                    "region": "uz-1",
                    "used": 0,
                    "value": 1,
                    "zone": ""
                  },
                  {
                    "region": "uz-2",
                    "used": 0,
                    "value": 1,
                    "zone": ""
                  }
                ]
              },
              {
                "resource_name": "network_subnets_24",
                "resource_quotas": [
                  {
                    "region": "gis-1",
                    "used": 0,
                    "value": 0,
                    "zone": ""
                  },
                  {
                    "region": "gis-2",
                    "used": 0,
                    "value": 0,
                    "zone": ""
                  },
                  {
                    "region": "ke-1",
                    "used": 0,
                    "value": 0,
                    "zone": ""
                  },
                  {
                    "region": "kz-1",
                    "used": 0,
                    "value": 0,
                    "zone": ""
                  },
                  {
                    "region": "ru-1",
                    "used": 0,
                    "value": 0,
                    "zone": ""
                  },
                  {
                    "region": "ru-2",
                    "used": 0,
                    "value": 0,
                    "zone": ""
                  },
                  {
                    "region": "ru-3",
                    "used": 0,
                    "value": 0,
                    "zone": ""
                  },
                  {
                    "region": "ru-6",
                    "used": 0,
                    "value": 0,
                    "zone": ""
                  },
                  {
                    "region": "ru-7",
                    "used": 0,
                    "value": 0,
                    "zone": ""
                  },
                  {
                    "region": "ru-8",
                    "used": 0,
                    "value": 0,
                    "zone": ""
                  },
                  {
                    "region": "ru-9",
                    "used": 0,
                    "value": 0,
                    "zone": ""
                  },
                  {
                    "region": "uz-1",
                    "used": 0,
                    "value": 0,
                    "zone": ""
                  },
                  {
                    "region": "uz-2",
                    "used": 0,
                    "value": 0,
                    "zone": ""
                  }
                ]
              },
              {
                "resource_name": "network_subnets_25",
                "resource_quotas": [
                  {
                    "region": "gis-1",
                    "used": 0,
                    "value": 0,
                    "zone": ""
                  },
                  {
                    "region": "gis-2",
                    "used": 0,
                    "value": 0,
                    "zone": ""
                  },
                  {
                    "region": "ke-1",
                    "used": 0,
                    "value": 0,
                    "zone": ""
                  },
                  {
                    "region": "kz-1",
                    "used": 0,
                    "value": 0,
                    "zone": ""
                  },
                  {
                    "region": "ru-1",
                    "used": 0,
                    "value": 0,
                    "zone": ""
                  },
                  {
                    "region": "ru-2",
                    "used": 0,
                    "value": 0,
                    "zone": ""
                  },
                  {
                    "region": "ru-3",
                    "used": 0,
                    "value": 0,
                    "zone": ""
                  },
                  {
                    "region": "ru-6",
                    "used": 0,
                    "value": 0,
                    "zone": ""
                  },
                  {
                    "region": "ru-7",
                    "used": 0,
                    "value": 0,
                    "zone": ""
                  },
                  {
                    "region": "ru-8",
                    "used": 0,
                    "value": 0,
                    "zone": ""
                  },
                  {
                    "region": "ru-9",
                    "used": 0,
                    "value": 0,
                    "zone": ""
                  },
                  {
                    "region": "uz-1",
                    "used": 0,
                    "value": 0,
                    "zone": ""
                  },
                  {
                    "region": "uz-2",
                    "used": 0,
                    "value": 0,
                    "zone": ""
                  }
                ]
              },
              {
                "resource_name": "network_subnets_26",
                "resource_quotas": [
                  {
                    "region": "gis-1",
                    "used": 0,
                    "value": 0,
                    "zone": ""
                  },
                  {
                    "region": "gis-2",
                    "used": 0,
                    "value": 0,
                    "zone": ""
                  },
                  {
                    "region": "ke-1",
                    "used": 0,
                    "value": 0,
                    "zone": ""
                  },
                  {
                    "region": "kz-1",
                    "used": 0,
                    "value": 0,
                    "zone": ""
                  },
                  {
                    "region": "ru-1",
                    "used": 0,
                    "value": 0,
                    "zone": ""
                  },
                  {
                    "region": "ru-2",
                    "used": 0,
                    "value": 0,
                    "zone": ""
                  },
                  {
                    "region": "ru-3",
                    "used": 0,
                    "value": 0,
                    "zone": ""
                  },
                  {
                    "region": "ru-6",
                    "used": 0,
                    "value": 0,
                    "zone": ""
                  },
                  {
                    "region": "ru-7",
                    "used": 0,
                    "value": 0,
                    "zone": ""
                  },
                  {
                    "region": "ru-8",
                    "used": 0,
                    "value": 0,
                    "zone": ""
                  },
                  {
                    "region": "ru-9",
                    "used": 0,
                    "value": 0,
                    "zone": ""
                  },
                  {
                    "region": "uz-1",
                    "used": 0,
                    "value": 0,
                    "zone": ""
                  },
                  {
                    "region": "uz-2",
                    "used": 0,
                    "value": 0,
                    "zone": ""
                  }
                ]
              },
              {
                "resource_name": "network_subnets_27",
                "resource_quotas": [
                  {
                    "region": "gis-1",
                    "used": 0,
                    "value": 0,
                    "zone": ""
                  },
                  {
                    "region": "gis-2",
                    "used": 0,
                    "value": 0,
                    "zone": ""
                  },
                  {
                    "region": "ke-1",
                    "used": 0,
                    "value": 0,
                    "zone": ""
                  },
                  {
                    "region": "kz-1",
                    "used": 0,
                    "value": 0,
                    "zone": ""
                  },
                  {
                    "region": "ru-1",
                    "used": 0,
                    "value": 0,
                    "zone": ""
                  },
                  {
                    "region": "ru-2",
                    "used": 0,
                    "value": 0,
                    "zone": ""
                  },
                  {
                    "region": "ru-3",
                    "used": 0,
                    "value": 0,
                    "zone": ""
                  },
                  {
                    "region": "ru-6",
                    "used": 0,
                    "value": 0,
                    "zone": ""
                  },
                  {
                    "region": "ru-7",
                    "used": 0,
                    "value": 0,
                    "zone": ""
                  },
                  {
                    "region": "ru-8",
                    "used": 0,
                    "value": 0,
                    "zone": ""
                  },
                  {
                    "region": "ru-9",
                    "used": 0,
                    "value": 0,
                    "zone": ""
                  },
                  {
                    "region": "uz-1",
                    "used": 0,
                    "value": 0,
                    "zone": ""
                  },
                  {
                    "region": "uz-2",
                    "used": 0,
                    "value": 0,
                    "zone": ""
                  }
                ]
              },
              {
                "resource_name": "network_subnets_28",
                "resource_quotas": [
                  {
                    "region": "gis-1",
                    "used": 0,
                    "value": 0,
                    "zone": ""
                  },
                  {
                    "region": "gis-2",
                    "used": 0,
                    "value": 0,
                    "zone": ""
                  },
                  {
                    "region": "ke-1",
                    "used": 0,
                    "value": 0,
                    "zone": ""
                  },
                  {
                    "region": "kz-1",
                    "used": 0,
                    "value": 0,
                    "zone": ""
                  },
                  {
                    "region": "ru-1",
                    "used": 0,
                    "value": 0,
                    "zone": ""
                  },
                  {
                    "region": "ru-2",
                    "used": 0,
                    "value": 0,
                    "zone": ""
                  },
                  {
                    "region": "ru-3",
                    "used": 0,
                    "value": 0,
                    "zone": ""
                  },
                  {
                    "region": "ru-6",
                    "used": 0,
                    "value": 0,
                    "zone": ""
                  },
                  {
                    "region": "ru-7",
                    "used": 0,
                    "value": 0,
                    "zone": ""
                  },
                  {
                    "region": "ru-8",
                    "used": 0,
                    "value": 0,
                    "zone": ""
                  },
                  {
                    "region": "ru-9",
                    "used": 0,
                    "value": 0,
                    "zone": ""
                  },
                  {
                    "region": "uz-1",
                    "used": 0,
                    "value": 0,
                    "zone": ""
                  },
                  {
                    "region": "uz-2",
                    "used": 0,
                    "value": 0,
                    "zone": ""
                  }
                ]
              },
              {
                "resource_name": "network_subnets_29",
                "resource_quotas": [
                  {
                    "region": "gis-1",
                    "used": 0,
                    "value": 1,
                    "zone": ""
                  },
                  {
                    "region": "gis-2",
                    "used": 0,
                    "value": 1,
                    "zone": ""
                  },
                  {
                    "region": "ke-1",
                    "used": 0,
                    "value": 1,
                    "zone": ""
                  },
                  {
                    "region": "kz-1",
                    "used": 0,
                    "value": 1,
                    "zone": ""
                  },
                  {
                    "region": "ru-1",
                    "used": 0,
                    "value": 1,
                    "zone": ""
                  },
                  {
                    "region": "ru-2",
                    "used": 0,
                    "value": 1,
                    "zone": ""
                  },
                  {
                    "region": "ru-3",
                    "used": 0,
                    "value": 1,
                    "zone": ""
                  },
                  {
                    "region": "ru-6",
                    "used": 0,
                    "value": 1,
                    "zone": ""
                  },
                  {
                    "region": "ru-7",
                    "used": 0,
                    "value": 1,
                    "zone": ""
                  },
                  {
                    "region": "ru-8",
                    "used": 0,
                    "value": 1,
                    "zone": ""
                  },
                  {
                    "region": "ru-9",
                    "used": 0,
                    "value": 1,
                    "zone": ""
                  },
                  {
                    "region": "uz-1",
                    "used": 0,
                    "value": 12,
                    "zone": ""
                  },
                  {
                    "region": "uz-2",
                    "used": 0,
                    "value": 12,
                    "zone": ""
                  }
                ]
              },
              {
                "resource_name": "share_gigabytes_basic",
                "resource_quotas": [
                  {
                    "region": "gis-1",
                    "used": 0,
                    "value": 51200,
                    "zone": "gis-1a"
                  },
                  {
                    "region": "gis-2",
                    "used": 0,
                    "value": 51200,
                    "zone": "gis-2a"
                  },
                  {
                    "region": "ke-1",
                    "used": 0,
                    "value": 51200,
                    "zone": "ke-1a"
                  },
                  {
                    "region": "kz-1",
                    "used": 0,
                    "value": 51200,
                    "zone": "kz-1a"
                  },
                  {
                    "region": "ru-1",
                    "used": 0,
                    "value": 51200,
                    "zone": "ru-1a"
                  },
                  {
                    "region": "ru-1",
                    "used": 0,
                    "value": 51200,
                    "zone": "ru-1b"
                  },
                  {
                    "region": "ru-1",
                    "used": 0,
                    "value": 51200,
                    "zone": "ru-1c"
                  },
                  {
                    "region": "ru-2",
                    "used": 0,
                    "value": 51200,
                    "zone": "ru-2a"
                  },
                  {
                    "region": "ru-2",
                    "used": 0,
                    "value": 51200,
                    "zone": "ru-2b"
                  },
                  {
                    "region": "ru-2",
                    "used": 0,
                    "value": 51200,
                    "zone": "ru-2c"
                  },
                  {
                    "region": "ru-3",
                    "used": 0,
                    "value": 51200,
                    "zone": "ru-3a"
                  },
                  {
                    "region": "ru-3",
                    "used": 0,
                    "value": 51200,
                    "zone": "ru-3b"
                  },
                  {
                    "region": "ru-6",
                    "used": 0,
                    "value": 51200,
                    "zone": "ru-6a"
                  },
                  {
                    "region": "ru-7",
                    "used": 0,
                    "value": 51200,
                    "zone": "ru-7a"
                  },
                  {
                    "region": "ru-7",
                    "used": 0,
                    "value": 51200,
                    "zone": "ru-7b"
                  },
                  {
                    "region": "ru-8",
                    "used": 0,
                    "value": 51200,
                    "zone": "ru-8a"
                  },
                  {
                    "region": "ru-9",
                    "used": 0,
                    "value": 51200,
                    "zone": "ru-9a"
                  },
                  {
                    "region": "uz-1",
                    "used": 0,
                    "value": 51200,
                    "zone": "uz-1a"
                  },
                  {
                    "region": "uz-2",
                    "used": 0,
                    "value": 51200,
                    "zone": "uz-2a"
                  }
                ]
              },
              {
                "resource_name": "share_gigabytes_fast",
                "resource_quotas": [
                  {
                    "region": "gis-1",
                    "used": 0,
                    "value": 51200,
                    "zone": "gis-1a"
                  },
                  {
                    "region": "gis-2",
                    "used": 0,
                    "value": 51200,
                    "zone": "gis-2a"
                  },
                  {
                    "region": "ke-1",
                    "used": 0,
                    "value": 51200,
                    "zone": "ke-1a"
                  },
                  {
                    "region": "kz-1",
                    "used": 0,
                    "value": 51200,
                    "zone": "kz-1a"
                  },
                  {
                    "region": "ru-1",
                    "used": 0,
                    "value": 51200,
                    "zone": "ru-1c"
                  },
                  {
                    "region": "ru-2",
                    "used": 0,
                    "value": 51200,
                    "zone": "ru-2c"
                  },
                  {
                    "region": "ru-3",
                    "used": 0,
                    "value": 51200,
                    "zone": "ru-3b"
                  },
                  {
                    "region": "ru-6",
                    "used": 0,
                    "value": 51200,
                    "zone": "ru-6a"
                  },
                  {
                    "region": "ru-7",
                    "used": 0,
                    "value": 51200,
                    "zone": "ru-7a"
                  },
                  {
                    "region": "ru-7",
                    "used": 0,
                    "value": 51200,
                    "zone": "ru-7b"
                  },
                  {
                    "region": "ru-8",
                    "used": 0,
                    "value": 51200,
                    "zone": "ru-8a"
                  },
                  {
                    "region": "ru-9",
                    "used": 0,
                    "value": 51200,
                    "zone": "ru-9a"
                  },
                  {
                    "region": "uz-1",
                    "used": 0,
                    "value": 51200,
                    "zone": "uz-1a"
                  },
                  {
                    "region": "uz-2",
                    "used": 0,
                    "value": 51200,
                    "zone": "uz-2a"
                  }
                ]
              },
              {
                "resource_name": "share_gigabytes_universal",
                "resource_quotas": [
                  {
                    "region": "gis-1",
                    "used": 0,
                    "value": 51200,
                    "zone": "gis-1a"
                  },
                  {
                    "region": "gis-2",
                    "used": 0,
                    "value": 51200,
                    "zone": "gis-2a"
                  },
                  {
                    "region": "ke-1",
                    "used": 0,
                    "value": 51200,
                    "zone": "ke-1a"
                  },
                  {
                    "region": "kz-1",
                    "used": 0,
                    "value": 51200,
                    "zone": "kz-1a"
                  },
                  {
                    "region": "ru-1",
                    "used": 0,
                    "value": 51200,
                    "zone": "ru-1c"
                  },
                  {
                    "region": "ru-2",
                    "used": 0,
                    "value": 51200,
                    "zone": "ru-2c"
                  },
                  {
                    "region": "ru-3",
                    "used": 0,
                    "value": 51200,
                    "zone": "ru-3b"
                  },
                  {
                    "region": "ru-6",
                    "used": 0,
                    "value": 51200,
                    "zone": "ru-6a"
                  },
                  {
                    "region": "ru-7",
                    "used": 0,
                    "value": 51200,
                    "zone": "ru-7a"
                  },
                  {
                    "region": "ru-7",
                    "used": 0,
                    "value": 51200,
                    "zone": "ru-7b"
                  },
                  {
                    "region": "ru-8",
                    "used": 0,
                    "value": 51200,
                    "zone": "ru-8a"
                  },
                  {
                    "region": "ru-9",
                    "used": 0,
                    "value": 51200,
                    "zone": "ru-9a"
                  },
                  {
                    "region": "uz-1",
                    "used": 0,
                    "value": 51200,
                    "zone": "uz-1a"
                  },
                  {
                    "region": "uz-2",
                    "used": 0,
                    "value": 51200,
                    "zone": "uz-2a"
                  }
                ]
              },
              {
                "resource_name": "volume_gigabytes_basic",
                "resource_quotas": [
                  {
                    "region": "gis-1",
                    "used": 0,
                    "value": 10000,
                    "zone": "gis-1a"
                  },
                  {
                    "region": "gis-2",
                    "used": 0,
                    "value": 10000,
                    "zone": "gis-2a"
                  },
                  {
                    "region": "ke-1",
                    "used": 0,
                    "value": 1000,
                    "zone": "ke-1a"
                  },
                  {
                    "region": "kz-1",
                    "used": 0,
                    "value": 10000,
                    "zone": "kz-1a"
                  },
                  {
                    "region": "ru-1",
                    "used": 0,
                    "value": 10000,
                    "zone": "ru-1a"
                  },
                  {
                    "region": "ru-1",
                    "used": 0,
                    "value": 10000,
                    "zone": "ru-1b"
                  },
                  {
                    "region": "ru-1",
                    "used": 0,
                    "value": 10000,
                    "zone": "ru-1c"
                  },
                  {
                    "region": "ru-2",
                    "used": 0,
                    "value": 10000,
                    "zone": "ru-2a"
                  },
                  {
                    "region": "ru-2",
                    "used": 0,
                    "value": 10000,
                    "zone": "ru-2b"
                  },
                  {
                    "region": "ru-2",
                    "used": 0,
                    "value": 10000,
                    "zone": "ru-2c"
                  },
                  {
                    "region": "ru-3",
                    "used": 0,
                    "value": 10000,
                    "zone": "ru-3a"
                  },
                  {
                    "region": "ru-3",
                    "used": 0,
                    "value": 5000,
                    "zone": "ru-3b"
                  },
                  {
                    "region": "ru-6",
                    "used": 0,
                    "value": 10000,
                    "zone": "ru-6a"
                  },
                  {
                    "region": "ru-7",
                    "used": 0,
                    "value": 10000,
                    "zone": "ru-7a"
                  },
                  {
                    "region": "ru-7",
                    "used": 0,
                    "value": 10000,
                    "zone": "ru-7b"
                  },
                  {
                    "region": "ru-8",
                    "used": 0,
                    "value": 10000,
                    "zone": "ru-8a"
                  },
                  {
                    "region": "ru-9",
                    "used": 0,
                    "value": 10000,
                    "zone": "ru-9a"
                  },
                  {
                    "region": "uz-1",
                    "used": 0,
                    "value": 10000,
                    "zone": "uz-1a"
                  },
                  {
                    "region": "uz-2",
                    "used": 0,
                    "value": 10000,
                    "zone": "uz-2a"
                  }
                ]
              },
              {
                "resource_name": "volume_gigabytes_basicssd",
                "resource_quotas": [
                  {
                    "region": "ru-2",
                    "used": 0,
                    "value": 600,
                    "zone": "ru-2b"
                  },
                  {
                    "region": "ru-2",
                    "used": 0,
                    "value": 600,
                    "zone": "ru-2c"
                  },
                  {
                    "region": "ru-3",
                    "used": 0,
                    "value": 600,
                    "zone": "ru-3b"
                  },
                  {
                    "region": "ru-6",
                    "used": 0,
                    "value": 600,
                    "zone": "ru-6a"
                  },
                  {
                    "region": "ru-7",
                    "used": 0,
                    "value": 600,
                    "zone": "ru-7a"
                  },
                  {
                    "region": "ru-7",
                    "used": 0,
                    "value": 600,
                    "zone": "ru-7b"
                  },
                  {
                    "region": "ru-8",
                    "used": 0,
                    "value": 600,
                    "zone": "ru-8a"
                  },
                  {
                    "region": "ru-9",
                    "used": 0,
                    "value": 600,
                    "zone": "ru-9a"
                  }
                ]
              },
              {
                "resource_name": "volume_gigabytes_fast",
                "resource_quotas": [
                  {
                    "region": "gis-1",
                    "used": 0,
                    "value": 5000,
                    "zone": "gis-1a"
                  },
                  {
                    "region": "gis-2",
                    "used": 0,
                    "value": 5000,
                    "zone": "gis-2a"
                  },
                  {
                    "region": "ke-1",
                    "used": 0,
                    "value": 1000,
                    "zone": "ke-1a"
                  },
                  {
                    "region": "kz-1",
                    "used": 0,
                    "value": 5000,
                    "zone": "kz-1a"
                  },
                  {
                    "region": "ru-1",
                    "used": 0,
                    "value": 1000,
                    "zone": "ru-1a"
                  },
                  {
                    "region": "ru-1",
                    "used": 0,
                    "value": 1000,
                    "zone": "ru-1b"
                  },
                  {
                    "region": "ru-1",
                    "used": 0,
                    "value": 5000,
                    "zone": "ru-1c"
                  },
                  {
                    "region": "ru-2",
                    "used": 0,
                    "value": 1000,
                    "zone": "ru-2a"
                  },
                  {
                    "region": "ru-2",
                    "used": 0,
                    "value": 5000,
                    "zone": "ru-2b"
                  },
                  {
                    "region": "ru-2",
                    "used": 0,
                    "value": 5000,
                    "zone": "ru-2c"
                  },
                  {
                    "region": "ru-3",
                    "used": 0,
                    "value": 5000,
                    "zone": "ru-3a"
                  },
                  {
                    "region": "ru-3",
                    "used": 0,
                    "value": 5000,
                    "zone": "ru-3b"
                  },
                  {
                    "region": "ru-6",
                    "used": 0,
                    "value": 5000,
                    "zone": "ru-6a"
                  },
                  {
                    "region": "ru-7",
                    "used": 0,
                    "value": 5000,
                    "zone": "ru-7a"
                  },
                  {
                    "region": "ru-7",
                    "used": 0,
                    "value": 5000,
                    "zone": "ru-7b"
                  },
                  {
                    "region": "ru-8",
                    "used": 0,
                    "value": 1000,
                    "zone": "ru-8a"
                  },
                  {
                    "region": "ru-9",
                    "used": 5,
                    "value": 5000,
                    "zone": "ru-9a"
                  },
                  {
                    "region": "uz-1",
                    "used": 0,
                    "value": 5000,
                    "zone": "uz-1a"
                  },
                  {
                    "region": "uz-2",
                    "used": 0,
                    "value": 5000,
                    "zone": "uz-2a"
                  }
                ]
              },
              {
                "resource_name": "volume_gigabytes_local",
                "resource_quotas": [
                  {
                    "region": "gis-1",
                    "used": 0,
                    "value": 2000,
                    "zone": "gis-1a"
                  },
                  {
                    "region": "gis-2",
                    "used": 0,
                    "value": 2000,
                    "zone": "gis-2a"
                  },
                  {
                    "region": "ke-1",
                    "used": 0,
                    "value": 128,
                    "zone": "ke-1a"
                  },
                  {
                    "region": "kz-1",
                    "used": 0,
                    "value": 2000,
                    "zone": "kz-1a"
                  },
                  {
                    "region": "ru-1",
                    "used": 0,
                    "value": 5000,
                    "zone": "ru-1c"
                  },
                  {
                    "region": "ru-1",
                    "used": 0,
                    "value": 500,
                    "zone": "ru-1a"
                  },
                  {
                    "region": "ru-1",
                    "used": 0,
                    "value": 500,
                    "zone": "ru-1b"
                  },
                  {
                    "region": "ru-2",
                    "used": 0,
                    "value": 0,
                    "zone": "ru-2a"
                  },
                  {
                    "region": "ru-2",
                    "used": 0,
                    "value": 1000,
                    "zone": "ru-2b"
                  },
                  {
                    "region": "ru-2",
                    "used": 0,
                    "value": 2000,
                    "zone": "ru-2c"
                  },
                  {
                    "region": "ru-3",
                    "used": 0,
                    "value": 1000,
                    "zone": "ru-3a"
                  },
                  {
                    "region": "ru-3",
                    "used": 0,
                    "value": 2000,
                    "zone": "ru-3b"
                  },
                  {
                    "region": "ru-6",
                    "used": 0,
                    "value": 5000,
                    "zone": "ru-6a"
                  },
                  {
                    "region": "ru-7",
                    "used": 0,
                    "value": 5000,
                    "zone": "ru-7a"
                  },
                  {
                    "region": "ru-7",
                    "used": 0,
                    "value": 8000,
                    "zone": "ru-7b"
                  },
                  {
                    "region": "ru-8",
                    "used": 0,
                    "value": 500,
                    "zone": "ru-8a"
                  },
                  {
                    "region": "ru-9",
                    "used": 0,
                    "value": 500,
                    "zone": "ru-9a"
                  },
                  {
                    "region": "uz-1",
                    "used": 0,
                    "value": 2000,
                    "zone": "uz-1a"
                  },
                  {
                    "region": "uz-2",
                    "used": 0,
                    "value": 2000,
                    "zone": "uz-2a"
                  }
                ]
              },
              {
                "resource_name": "volume_gigabytes_universal",
                "resource_quotas": [
                  {
                    "region": "gis-1",
                    "used": 0,
                    "value": 10000,
                    "zone": "gis-1a"
                  },
                  {
                    "region": "gis-2",
                    "used": 0,
                    "value": 10000,
                    "zone": "gis-2a"
                  },
                  {
                    "region": "ke-1",
                    "used": 0,
                    "value": 1000,
                    "zone": "ke-1a"
                  },
                  {
                    "region": "kz-1",
                    "used": 0,
                    "value": 10000,
                    "zone": "kz-1a"
                  },
                  {
                    "region": "ru-1",
                    "used": 0,
                    "value": 10000,
                    "zone": "ru-1c"
                  },
                  {
                    "region": "ru-1",
                    "used": 0,
                    "value": 1000,
                    "zone": "ru-1a"
                  },
                  {
                    "region": "ru-1",
                    "used": 0,
                    "value": 1000,
                    "zone": "ru-1b"
                  },
                  {
                    "region": "ru-2",
                    "used": 0,
                    "value": 10000,
                    "zone": "ru-2b"
                  },
                  {
                    "region": "ru-2",
                    "used": 0,
                    "value": 1000,
                    "zone": "ru-2a"
                  },
                  {
                    "region": "ru-2",
                    "used": 0,
                    "value": 1000,
                    "zone": "ru-2c"
                  },
                  {
                    "region": "ru-3",
                    "used": 0,
                    "value": 10000,
                    "zone": "ru-3a"
                  },
                  {
                    "region": "ru-3",
                    "used": 0,
                    "value": 5000,
                    "zone": "ru-3b"
                  },
                  {
                    "region": "ru-6",
                    "used": 0,
                    "value": 10000,
                    "zone": "ru-6a"
                  },
                  {
                    "region": "ru-7",
                    "used": 0,
                    "value": 10000,
                    "zone": "ru-7a"
                  },
                  {
                    "region": "ru-7",
                    "used": 0,
                    "value": 10000,
                    "zone": "ru-7b"
                  },
                  {
                    "region": "ru-8",
                    "used": 0,
                    "value": 1000,
                    "zone": "ru-8a"
                  },
                  {
                    "region": "ru-9",
                    "used": 7,
                    "value": 10000,
                    "zone": "ru-9a"
                  },
                  {
                    "region": "uz-1",
                    "used": 0,
                    "value": 10000,
                    "zone": "uz-1a"
                  },
                  {
                    "region": "uz-2",
                    "used": 0,
                    "value": 10000,
                    "zone": "uz-2a"
                  }
                ]
              },
              {
                "resource_name": "volume_gigabytes_universal2",
                "resource_quotas": [
                  {
                    "region": "gis-1",
                    "used": 0,
                    "value": 10000,
                    "zone": "gis-1a"
                  },
                  {
                    "region": "gis-2",
                    "used": 0,
                    "value": 10000,
                    "zone": "gis-2a"
                  },
                  {
                    "region": "ke-1",
                    "used": 0,
                    "value": 1000,
                    "zone": "ke-1a"
                  },
                  {
                    "region": "kz-1",
                    "used": 0,
                    "value": 10000,
                    "zone": "kz-1a"
                  },
                  {
                    "region": "ru-2",
                    "used": 0,
                    "value": 1000,
                    "zone": "ru-2c"
                  },
                  {
                    "region": "ru-3",
                    "used": 0,
                    "value": 5000,
                    "zone": "ru-3b"
                  },
                  {
                    "region": "ru-6",
                    "used": 0,
                    "value": 10000,
                    "zone": "ru-6a"
                  },
                  {
                    "region": "ru-7",
                    "used": 0,
                    "value": 10000,
                    "zone": "ru-7a"
                  },
                  {
                    "region": "ru-7",
                    "used": 0,
                    "value": 10000,
                    "zone": "ru-7b"
                  },
                  {
                    "region": "ru-8",
                    "used": 0,
                    "value": 1000,
                    "zone": "ru-8a"
                  },
                  {
                    "region": "ru-9",
                    "used": 0,
                    "value": 10000,
                    "zone": "ru-9a"
                  },
                  {
                    "region": "uz-1",
                    "used": 0,
                    "value": 10000,
                    "zone": "uz-1a"
                  },
                  {
                    "region": "uz-2",
                    "used": 0,
                    "value": 10000,
                    "zone": "uz-2a"
                  }
                ]
              }
            ],
            "custom_url": "",
            "enabled": true,
            "id": "f790a8fc482841d6a83ea7e1383e941b",
            "name": "project",
            "quotas": [],
            "theme": {},
            "url": "https://1593417.selvpc.ru"
          },
          "sensitive_attributes": [],
          "identity_schema_version": 0,
          "private": "bnVsbA==",
          "create_before_destroy": true
        }
      ]
    }
  ],
  "check_results": null
}
